
Microsoft Visual Studio Solution File, Format Version 12.00
Project("{FAE04EC0-301F-11D3-BF4B-00C04F79EFBC}") = "LobbyLogger2", "LobbyLogger2.csproj", "{04B49902-9006-41BA-BE21-544F761F6444}"
EndProject
Global
	GlobalSection(SolutionConfigurationPlatforms) = preSolution
		Debug|Any CPU = Debug|Any CPU
		Release|Any CPU = Release|Any CPU
	EndGlobalSection
	GlobalSection(ProjectConfigurationPlatforms) = postSolution
		{04B49902-9006-41BA-BE21-544F761F6444}.Debug|Any CPU.ActiveCfg = Debug|Any CPU
		{04B49902-9006-41BA-BE21-544F761F6444}.Debug|Any CPU.Build.0 = Debug|Any CPU
		{04B49902-9006-41BA-BE21-544F761F6444}.Release|Any CPU.ActiveCfg = Release|Any CPU
		{04B49902-9006-41BA-BE21-544F761F6444}.Release|Any CPU.Build.0 = Release|Any CPU
	EndGlobalSection
EndGlobal
